
Microsoft Visual Studio Solution File, Format Version 12.00
# Visual Studio Version 17
VisualStudioVersion = 17.9.34616.47
MinimumVisualStudioVersion = 10.0.40219.1
Project("{FAE04EC0-301F-11D3-BF4B-00C04F79EFBC}") = "EjercicioFigurasPolimorfismo", "EjercicioFigurasPolimorfismo\EjercicioFigurasPolimorfismo.csproj", "{CAC31BCF-AB15-4441-B79F-3D115EF6AA84}"
EndProject
Global
	GlobalSection(SolutionConfigurationPlatforms) = preSolution
		Debug|Any CPU = Debug|Any CPU
		Release|Any CPU = Release|Any CPU
	EndGlobalSection
	GlobalSection(ProjectConfigurationPlatforms) = postSolution
		{CAC31BCF-AB15-4441-B79F-3D115EF6AA84}.Debug|Any CPU.ActiveCfg = Debug|Any CPU
		{CAC31BCF-AB15-4441-B79F-3D115EF6AA84}.Debug|Any CPU.Build.0 = Debug|Any CPU
		{CAC31BCF-AB15-4441-B79F-3D115EF6AA84}.Release|Any CPU.ActiveCfg = Release|Any CPU
		{CAC31BCF-AB15-4441-B79F-3D115EF6AA84}.Release|Any CPU.Build.0 = Release|Any CPU
	EndGlobalSection
	GlobalSection(SolutionProperties) = preSolution
		HideSolutionNode = FALSE
	EndGlobalSection
	GlobalSection(ExtensibilityGlobals) = postSolution
		SolutionGuid = {D1C8D25C-BFF3-4E2F-9B66-CA64BDBC6834}
	EndGlobalSection
EndGlobal
